// !$*UTF8*$!
{
	archiveVersion = 1;
	classes = {
	};
	objectVersion = 46;
	objects = {

/* Begin PBXBuildFile section */
		3892D0F91F4D0F9E0072446D /* wand.png in Resources */ = {isa = PBXBuildFile; fileRef = 3892D0F81F4D0F9E0072446D /* wand.png */; };
		3892D0FB1F4D0FC40072446D /* wandLarge.png in Resources */ = {isa = PBXBuildFile; fileRef = 3892D0FA1F4D0FC40072446D /* wandLarge.png */; };
		EC551C631F4CE3B700649A07 /* AppDelegate.swift in Sources */ = {isa = PBXBuildFile; fileRef = EC551C621F4CE3B700649A07 /* AppDelegate.swift */; };
		EC551C651F4CE3B700649A07 /* ViewController.swift in Sources */ = {isa = PBXBuildFile; fileRef = EC551C641F4CE3B700649A07 /* ViewController.swift */; };
		EC551C681F4CE3B700649A07 /* Main.storyboard in Resources */ = {isa = PBXBuildFile; fileRef = EC551C661F4CE3B700649A07 /* Main.storyboard */; };
		EC551C6B1F4CE3B700649A07 /* Hide_It.xcdatamodeld in Sources */ = {isa = PBXBuildFile; fileRef = EC551C691F4CE3B700649A07 /* Hide_It.xcdatamodeld */; };
		EC551C6D1F4CE3B700649A07 /* Assets.xcassets in Resources */ = {isa = PBXBuildFile; fileRef = EC551C6C1F4CE3B700649A07 /* Assets.xcassets */; };
		EC551C701F4CE3B700649A07 /* LaunchScreen.storyboard in Resources */ = {isa = PBXBuildFile; fileRef = EC551C6E1F4CE3B700649A07 /* LaunchScreen.storyboard */; };
		EC551C7B1F4CE3B700649A07 /* Hide_ItTests.swift in Sources */ = {isa = PBXBuildFile; fileRef = EC551C7A1F4CE3B700649A07 /* Hide_ItTests.swift */; };
		EC551C861F4CE3B700649A07 /* Hide_ItUITests.swift in Sources */ = {isa = PBXBuildFile; fileRef = EC551C851F4CE3B700649A07 /* Hide_ItUITests.swift */; };
		EC551C941F4CE5BA00649A07 /* spell_book.png in Resources */ = {isa = PBXBuildFile; fileRef = EC551C931F4CE5BA00649A07 /* spell_book.png */; };
		EC551C961F4CE5CB00649A07 /* axe.png in Resources */ = {isa = PBXBuildFile; fileRef = EC551C951F4CE5CB00649A07 /* axe.png */; };
/* End PBXBuildFile section */

/* Begin PBXContainerItemProxy section */
		EC551C771F4CE3B700649A07 /* PBXContainerItemProxy */ = {
			isa = PBXContainerItemProxy;
			containerPortal = EC551C571F4CE3B700649A07 /* Project object */;
			proxyType = 1;
			remoteGlobalIDString = EC551C5E1F4CE3B700649A07;
			remoteInfo = "Hide It";
		};
		EC551C821F4CE3B700649A07 /* PBXContainerItemProxy */ = {
			isa = PBXContainerItemProxy;
			containerPortal = EC551C571F4CE3B700649A07 /* Project object */;
			proxyType = 1;
			remoteGlobalIDString = EC551C5E1F4CE3B700649A07;
			remoteInfo = "Hide It";
		};
/* End PBXContainerItemProxy section */

/* Begin PBXFileReference section */
		3892D0F81F4D0F9E0072446D /* wand.png */ = {isa = PBXFileReference; lastKnownFileType = image.png; path = wand.png; sourceTree = "<group>"; };
		3892D0FA1F4D0FC40072446D /* wandLarge.png */ = {isa = PBXFileReference; lastKnownFileType = image.png; path = wandLarge.png; sourceTree = "<group>"; };
		EC551C5F1F4CE3B700649A07 /* Hide It.app */ = {isa = PBXFileReference; explicitFileType = wrapper.application; includeInIndex = 0; path = "Hide It.app"; sourceTree = BUILT_PRODUCTS_DIR; };
		EC551C621F4CE3B700649A07 /* AppDelegate.swift */ = {isa = PBXFileReference; lastKnownFileType = sourcecode.swift; path = AppDelegate.swift; sourceTree = "<group>"; };
		EC551C641F4CE3B700649A07 /* ViewController.swift */ = {isa = PBXFileReference; lastKnownFileType = sourcecode.swift; path = ViewController.swift; sourceTree = "<group>"; };
		EC551C671F4CE3B700649A07 /* Base */ = {isa = PBXFileReference; lastKnownFileType = file.storyboard; name = Base; path = Base.lproj/Main.storyboard; sourceTree = "<group>"; };
		EC551C6A1F4CE3B700649A07 /* Hide_It.xcdatamodel */ = {isa = PBXFileReference; lastKnownFileType = wrapper.xcdatamodel; path = Hide_It.xcdatamodel; sourceTree = "<group>"; };
		EC551C6C1F4CE3B700649A07 /* Assets.xcassets */ = {isa = PBXFileReference; lastKnownFileType = folder.assetcatalog; path = Assets.xcassets; sourceTree = "<group>"; };
		EC551C6F1F4CE3B700649A07 /* Base */ = {isa = PBXFileReference; lastKnownFileType = file.storyboard; name = Base; path = Base.lproj/LaunchScreen.storyboard; sourceTree = "<group>"; };
		EC551C711F4CE3B700649A07 /* Info.plist */ = {isa = PBXFileReference; lastKnownFileType = text.plist.xml; path = Info.plist; sourceTree = "<group>"; };
		EC551C761F4CE3B700649A07 /* Hide ItTests.xctest */ = {isa = PBXFileReference; explicitFileType = wrapper.cfbundle; includeInIndex = 0; path = "Hide ItTests.xctest"; sourceTree = BUILT_PRODUCTS_DIR; };
		EC551C7A1F4CE3B700649A07 /* Hide_ItTests.swift */ = {isa = PBXFileReference; lastKnownFileType = sourcecode.swift; path = Hide_ItTests.swift; sourceTree = "<group>"; };
		EC551C7C1F4CE3B700649A07 /* Info.plist */ = {isa = PBXFileReference; lastKnownFileType = text.plist.xml; path = Info.plist; sourceTree = "<group>"; };
		EC551C811F4CE3B700649A07 /* Hide ItUITests.xctest */ = {isa = PBXFileReference; explicitFileType = wrapper.cfbundle; includeInIndex = 0; path = "Hide ItUITests.xctest"; sourceTree = BUILT_PRODUCTS_DIR; };
		EC551C851F4CE3B700649A07 /* Hide_ItUITests.swift */ = {isa = PBXFileReference; lastKnownFileType = sourcecode.swift; path = Hide_ItUITests.swift; sourceTree = "<group>"; };
		EC551C871F4CE3B700649A07 /* Info.plist */ = {isa = PBXFileReference; lastKnownFileType = text.plist.xml; path = Info.plist; sourceTree = "<group>"; };
		EC551C931F4CE5BA00649A07 /* spell_book.png */ = {isa = PBXFileReference; lastKnownFileType = image.png; name = spell_book.png; path = ../spell_book.png; sourceTree = "<group>"; };
		EC551C951F4CE5CB00649A07 /* axe.png */ = {isa = PBXFileReference; lastKnownFileType = image.png; name = axe.png; path = ../axe.png; sourceTree = "<group>"; };
/* End PBXFileReference section */

/* Begin PBXFrameworksBuildPhase section */
		EC551C5C1F4CE3B700649A07 /* Frameworks */ = {
			isa = PBXFrameworksBuildPhase;
			buildActionMask = 2147483647;
			files = (
			);
			runOnlyForDeploymentPostprocessing = 0;
		};
		EC551C731F4CE3B700649A07 /* Frameworks */ = {
			isa = PBXFrameworksBuildPhase;
			buildActionMask = 2147483647;
			files = (
			);
			runOnlyForDeploymentPostprocessing = 0;
		};
		EC551C7E1F4CE3B700649A07 /* Frameworks */ = {
			isa = PBXFrameworksBuildPhase;
			buildActionMask = 2147483647;
			files = (
			);
			runOnlyForDeploymentPostprocessing = 0;
		};
/* End PBXFrameworksBuildPhase section */

/* Begin PBXGroup section */
		EC551C561F4CE3B700649A07 = {
			isa = PBXGroup;
			children = (
				EC551C611F4CE3B700649A07 /* Hide It */,
				EC551C791F4CE3B700649A07 /* Hide ItTests */,
				EC551C841F4CE3B700649A07 /* Hide ItUITests */,
				EC551C601F4CE3B700649A07 /* Products */,
			);
			sourceTree = "<group>";
		};
		EC551C601F4CE3B700649A07 /* Products */ = {
			isa = PBXGroup;
			children = (
				EC551C5F1F4CE3B700649A07 /* Hide It.app */,
				EC551C761F4CE3B700649A07 /* Hide ItTests.xctest */,
				EC551C811F4CE3B700649A07 /* Hide ItUITests.xctest */,
			);
			name = Products;
			sourceTree = "<group>";
		};
		EC551C611F4CE3B700649A07 /* Hide It */ = {
			isa = PBXGroup;
			children = (
				EC551C621F4CE3B700649A07 /* AppDelegate.swift */,
				EC551C641F4CE3B700649A07 /* ViewController.swift */,
				EC551C661F4CE3B700649A07 /* Main.storyboard */,
				EC551C6C1F4CE3B700649A07 /* Assets.xcassets */,
				EC551C6E1F4CE3B700649A07 /* LaunchScreen.storyboard */,
				EC551C711F4CE3B700649A07 /* Info.plist */,
				EC551C691F4CE3B700649A07 /* Hide_It.xcdatamodeld */,
				EC551C971F4CE5D600649A07 /* images */,
			);
			path = "Hide It";
			sourceTree = "<group>";
		};
		EC551C791F4CE3B700649A07 /* Hide ItTests */ = {
			isa = PBXGroup;
			children = (
				EC551C7A1F4CE3B700649A07 /* Hide_ItTests.swift */,
				EC551C7C1F4CE3B700649A07 /* Info.plist */,
			);
			path = "Hide ItTests";
			sourceTree = "<group>";
		};
		EC551C841F4CE3B700649A07 /* Hide ItUITests */ = {
			isa = PBXGroup;
			children = (
				EC551C851F4CE3B700649A07 /* Hide_ItUITests.swift */,
				EC551C871F4CE3B700649A07 /* Info.plist */,
			);
			path = "Hide ItUITests";
			sourceTree = "<group>";
		};
		EC551C971F4CE5D600649A07 /* images */ = {
			isa = PBXGroup;
			children = (
				3892D0FA1F4D0FC40072446D /* wandLarge.png */,
				3892D0F81F4D0F9E0072446D /* wand.png */,
				EC551C951F4CE5CB00649A07 /* axe.png */,
				EC551C931F4CE5BA00649A07 /* spell_book.png */,
			);
			name = images;
			sourceTree = "<group>";
		};
/* End PBXGroup section */

/* Begin PBXNativeTarget section */
		EC551C5E1F4CE3B700649A07 /* Hide It */ = {
			isa = PBXNativeTarget;
			buildConfigurationList = EC551C8A1F4CE3B700649A07 /* Build configuration list for PBXNativeTarget "Hide It" */;
			buildPhases = (
				EC551C5B1F4CE3B700649A07 /* Sources */,
				EC551C5C1F4CE3B700649A07 /* Frameworks */,
				EC551C5D1F4CE3B700649A07 /* Resources */,
			);
			buildRules = (
			);
			dependencies = (
			);
			name = "Hide It";
			productName = "Hide It";
			productReference = EC551C5F1F4CE3B700649A07 /* Hide It.app */;
			productType = "com.apple.product-type.application";
		};
		EC551C751F4CE3B700649A07 /* Hide ItTests */ = {
			isa = PBXNativeTarget;
			buildConfigurationList = EC551C8D1F4CE3B700649A07 /* Build configuration list for PBXNativeTarget "Hide ItTests" */;
			buildPhases = (
				EC551C721F4CE3B700649A07 /* Sources */,
				EC551C731F4CE3B700649A07 /* Frameworks */,
				EC551C741F4CE3B700649A07 /* Resources */,
			);
			buildRules = (
			);
			dependencies = (
				EC551C781F4CE3B700649A07 /* PBXTargetDependency */,
			);
			name = "Hide ItTests";
			productName = "Hide ItTests";
			productReference = EC551C761F4CE3B700649A07 /* Hide ItTests.xctest */;
			productType = "com.apple.product-type.bundle.unit-test";
		};
		EC551C801F4CE3B700649A07 /* Hide ItUITests */ = {
			isa = PBXNativeTarget;
			buildConfigurationList = EC551C901F4CE3B700649A07 /* Build configuration list for PBXNativeTarget "Hide ItUITests" */;
			buildPhases = (
				EC551C7D1F4CE3B700649A07 /* Sources */,
				EC551C7E1F4CE3B700649A07 /* Frameworks */,
				EC551C7F1F4CE3B700649A07 /* Resources */,
			);
			buildRules = (
			);
			dependencies = (
				EC551C831F4CE3B700649A07 /* PBXTargetDependency */,
			);
			name = "Hide ItUITests";
			productName = "Hide ItUITests";
			productReference = EC551C811F4CE3B700649A07 /* Hide ItUITests.xctest */;
			productType = "com.apple.product-type.bundle.ui-testing";
		};
/* End PBXNativeTarget section */

/* Begin PBXProject section */
		EC551C571F4CE3B700649A07 /* Project object */ = {
			isa = PBXProject;
			attributes = {
				LastSwiftUpdateCheck = 0730;
				LastUpgradeCheck = 0730;
				ORGANIZATIONNAME = "Juan De La Rosa";
				TargetAttributes = {
					EC551C5E1F4CE3B700649A07 = {
						CreatedOnToolsVersion = 7.3.1;
					};
					EC551C751F4CE3B700649A07 = {
						CreatedOnToolsVersion = 7.3.1;
						TestTargetID = EC551C5E1F4CE3B700649A07;
					};
					EC551C801F4CE3B700649A07 = {
						CreatedOnToolsVersion = 7.3.1;
						TestTargetID = EC551C5E1F4CE3B700649A07;
					};
				};
			};
			buildConfigurationList = EC551C5A1F4CE3B700649A07 /* Build configuration list for PBXProject "Hide It" */;
			compatibilityVersion = "Xcode 3.2";
			developmentRegion = English;
			hasScannedForEncodings = 0;
			knownRegions = (
				en,
				Base,
			);
			mainGroup = EC551C561F4CE3B700649A07;
			productRefGroup = EC551C601F4CE3B700649A07 /* Products */;
			projectDirPath = "";
			projectRoot = "";
			targets = (
				EC551C5E1F4CE3B700649A07 /* Hide It */,
				EC551C751F4CE3B700649A07 /* Hide ItTests */,
				EC551C801F4CE3B700649A07 /* Hide ItUITests */,
			);
		};
/* End PBXProject section */

/* Begin PBXResourcesBuildPhase section */
		EC551C5D1F4CE3B700649A07 /* Resources */ = {
			isa = PBXResourcesBuildPhase;
			buildActionMask = 2147483647;
			files = (
				EC551C701F4CE3B700649A07 /* LaunchScreen.storyboard in Resources */,
				EC551C6D1F4CE3B700649A07 /* Assets.xcassets in Resources */,
				EC551C961F4CE5CB00649A07 /* axe.png in Resources */,
				EC551C681F4CE3B700649A07 /* Main.storyboard in Resources */,
				EC551C941F4CE5BA00649A07 /* spell_book.png in Resources */,
				3892D0F91F4D0F9E0072446D /* wand.png in Resources */,
				3892D0FB1F4D0FC40072446D /* wandLarge.png in Resources */,
			);
			runOnlyForDeploymentPostprocessing = 0;
		};
		EC551C741F4CE3B700649A07 /* Resources */ = {
			isa = PBXResourcesBuildPhase;
			buildActionMask = 2147483647;
			files = (
			);
			runOnlyForDeploymentPostprocessing = 0;
		};
		EC551C7F1F4CE3B700649A07 /* Resources */ = {
			isa = PBXResourcesBuildPhase;
			buildActionMask = 2147483647;
			files = (
			);
			runOnlyForDeploymentPostprocessing = 0;
		};
/* End PBXResourcesBuildPhase section */

/* Begin PBXSourcesBuildPhase section */
		EC551C5B1F4CE3B700649A07 /* Sources */ = {
			isa = PBXSourcesBuildPhase;
			buildActionMask = 2147483647;
			files = (
				EC551C651F4CE3B700649A07 /* ViewController.swift in Sources */,
				EC551C6B1F4CE3B700649A07 /* Hide_It.xcdatamodeld in Sources */,
				EC551C631F4CE3B700649A07 /* AppDelegate.swift in Sources */,
			);
			runOnlyForDeploymentPostprocessing = 0;
		};
		EC551C721F4CE3B700649A07 /* Sources */ = {
			isa = PBXSourcesBuildPhase;
			buildActionMask = 2147483647;
			files = (
				EC551C7B1F4CE3B700649A07 /* Hide_ItTests.swift in Sources */,
			);
			runOnlyForDeploymentPostprocessing = 0;
		};
		EC551C7D1F4CE3B700649A07 /* Sources */ = {
			isa = PBXSourcesBuildPhase;
			buildActionMask = 2147483647;
			files = (
				EC551C861F4CE3B700649A07 /* Hide_ItUITests.swift in Sources */,
			);
			runOnlyForDeploymentPostprocessing = 0;
		};
/* End PBXSourcesBuildPhase section */

/* Begin PBXTargetDependency section */
		EC551C781F4CE3B700649A07 /* PBXTargetDependency */ = {
			isa = PBXTargetDependency;
			target = EC551C5E1F4CE3B700649A07 /* Hide It */;
			targetProxy = EC551C771F4CE3B700649A07 /* PBXContainerItemProxy */;
		};
		EC551C831F4CE3B700649A07 /* PBXTargetDependency */ = {
			isa = PBXTargetDependency;
			target = EC551C5E1F4CE3B700649A07 /* Hide It */;
			targetProxy = EC551C821F4CE3B700649A07 /* PBXContainerItemProxy */;
		};
/* End PBXTargetDependency section */

/* Begin PBXVariantGroup section */
		EC551C661F4CE3B700649A07 /* Main.storyboard */ = {
			isa = PBXVariantGroup;
			children = (
				EC551C671F4CE3B700649A07 /* Base */,
			);
			name = Main.storyboard;
			sourceTree = "<group>";
		};
		EC551C6E1F4CE3B700649A07 /* LaunchScreen.storyboard */ = {
			isa = PBXVariantGroup;
			children = (
				EC551C6F1F4CE3B700649A07 /* Base */,
			);
			name = LaunchScreen.storyboard;
			sourceTree = "<group>";
		};
/* End PBXVariantGroup section */

/* Begin XCBuildConfiguration section */
		EC551C881F4CE3B700649A07 /* Debug */ = {
			isa = XCBuildConfiguration;
			buildSettings = {
				ALWAYS_SEARCH_USER_PATHS = NO;
				CLANG_ANALYZER_NONNULL = YES;
				CLANG_CXX_LANGUAGE_STANDARD = "gnu++0x";
				CLANG_CXX_LIBRARY = "libc++";
				CLANG_ENABLE_MODULES = YES;
				CLANG_ENABLE_OBJC_ARC = YES;
				CLANG_WARN_BOOL_CONVERSION = YES;
				CLANG_WARN_CONSTANT_CONVERSION = YES;
				CLANG_WARN_DIRECT_OBJC_ISA_USAGE = YES_ERROR;
				CLANG_WARN_EMPTY_BODY = YES;
				CLANG_WARN_ENUM_CONVERSION = YES;
				CLANG_WARN_INT_CONVERSION = YES;
				CLANG_WARN_OBJC_ROOT_CLASS = YES_ERROR;
				CLANG_WARN_UNREACHABLE_CODE = YES;
				CLANG_WARN__DUPLICATE_METHOD_MATCH = YES;
				"CODE_SIGN_IDENTITY[sdk=iphoneos*]" = "iPhone Developer";
				COPY_PHASE_STRIP = NO;
				DEBUG_INFORMATION_FORMAT = dwarf;
				ENABLE_STRICT_OBJC_MSGSEND = YES;
				ENABLE_TESTABILITY = YES;
				GCC_C_LANGUAGE_STANDARD = gnu99;
				GCC_DYNAMIC_NO_PIC = NO;
				GCC_NO_COMMON_BLOCKS = YES;
				GCC_OPTIMIZATION_LEVEL = 0;
				GCC_PREPROCESSOR_DEFINITIONS = (
					"DEBUG=1",
					"$(inherited)",
				);
				GCC_WARN_64_TO_32_BIT_CONVERSION = YES;
				GCC_WARN_ABOUT_RETURN_TYPE = YES_ERROR;
				GCC_WARN_UNDECLARED_SELECTOR = YES;
				GCC_WARN_UNINITIALIZED_AUTOS = YES_AGGRESSIVE;
				GCC_WARN_UNUSED_FUNCTION = YES;
				GCC_WARN_UNUSED_VARIABLE = YES;
				IPHONEOS_DEPLOYMENT_TARGET = 9.3;
				MTL_ENABLE_DEBUG_INFO = YES;
				ONLY_ACTIVE_ARCH = YES;
				SDKROOT = iphoneos;
				SWIFT_OPTIMIZATION_LEVEL = "-Onone";
			};
			name = Debug;
		};
		EC551C891F4CE3B700649A07 /* Release */ = {
			isa = XCBuildConfiguration;
			buildSettings = {
				ALWAYS_SEARCH_USER_PATHS = NO;
				CLANG_ANALYZER_NONNULL = YES;
				CLANG_CXX_LANGUAGE_STANDARD = "gnu++0x";
				CLANG_CXX_LIBRARY = "libc++";
				CLANG_ENABLE_MODULES = YES;
				CLANG_ENABLE_OBJC_ARC = YES;
				CLANG_WARN_BOOL_CONVERSION = YES;
				CLANG_WARN_CONSTANT_CONVERSION = YES;
				CLANG_WARN_DIRECT_OBJC_ISA_USAGE = YES_ERROR;
				CLANG_WARN_EMPTY_BODY = YES;
				CLANG_WARN_ENUM_CONVERSION = YES;
				CLANG_WARN_INT_CONVERSION = YES;
				CLANG_WARN_OBJC_ROOT_CLASS = YES_ERROR;
				CLANG_WARN_UNREACHABLE_CODE = YES;
				CLANG_WARN__DUPLICATE_METHOD_MATCH = YES;
				"CODE_SIGN_IDENTITY[sdk=iphoneos*]" = "iPhone Developer";
				COPY_PHASE_STRIP = NO;
				DEBUG_INFORMATION_FORMAT = "dwarf-with-dsym";
				ENABLE_NS_ASSERTIONS = NO;
				ENABLE_STRICT_OBJC_MSGSEND = YES;
				GCC_C_LANGUAGE_STANDARD = gnu99;
				GCC_NO_COMMON_BLOCKS = YES;
				GCC_WARN_64_TO_32_BIT_CONVERSION = YES;
				GCC_WARN_ABOUT_RETURN_TYPE = YES_ERROR;
				GCC_WARN_UNDECLARED_SELECTOR = YES;
				GCC_WARN_UNINITIALIZED_AUTOS = YES_AGGRESSIVE;
				GCC_WARN_UNUSED_FUNCTION = YES;
				GCC_WARN_UNUSED_VARIABLE = YES;
				IPHONEOS_DEPLOYMENT_TARGET = 9.3;
				MTL_ENABLE_DEBUG_INFO = NO;
				SDKROOT = iphoneos;
				VALIDATE_PRODUCT = YES;
			};
			name = Release;
		};
		EC551C8B1F4CE3B700649A07 /* Debug */ = {
			isa = XCBuildConfiguration;
			buildSettings = {
				ASSETCATALOG_COMPILER_APPICON_NAME = AppIcon;
				INFOPLIST_FILE = "Hide It/Info.plist";
				LD_RUNPATH_SEARCH_PATHS = "$(inherited) @executable_path/Frameworks";
				PRODUCT_BUNDLE_IDENTIFIER = "Wiko-Dev.Hide-It";
				PRODUCT_NAME = "$(TARGET_NAME)";
			};
			name = Debug;
		};
		EC551C8C1F4CE3B700649A07 /* Release */ = {
			isa = XCBuildConfiguration;
			buildSettings = {
				ASSETCATALOG_COMPILER_APPICON_NAME = AppIcon;
				INFOPLIST_FILE = "Hide It/Info.plist";
				LD_RUNPATH_SEARCH_PATHS = "$(inherited) @executable_path/Frameworks";
				PRODUCT_BUNDLE_IDENTIFIER = "Wiko-Dev.Hide-It";
				PRODUCT_NAME = "$(TARGET_NAME)";
			};
			name = Release;
		};
		EC551C8E1F4CE3B700649A07 /* Debug */ = {
			isa = XCBuildConfiguration;
			buildSettings = {
				BUNDLE_LOADER = "$(TEST_HOST)";
				INFOPLIST_FILE = "Hide ItTests/Info.plist";
				LD_RUNPATH_SEARCH_PATHS = "$(inherited) @executable_path/Frameworks @loader_path/Frameworks";
				PRODUCT_BUNDLE_IDENTIFIER = "Wiko-Dev.Hide-ItTests";
				PRODUCT_NAME = "$(TARGET_NAME)";
				TEST_HOST = "$(BUILT_PRODUCTS_DIR)/Hide It.app/Hide It";
			};
			name = Debug;
		};
		EC551C8F1F4CE3B700649A07 /* Release */ = {
			isa = XCBuildConfiguration;
			buildSettings = {
				BUNDLE_LOADER = "$(TEST_HOST)";
				INFOPLIST_FILE = "Hide ItTests/Info.plist";
				LD_RUNPATH_SEARCH_PATHS = "$(inherited) @executable_path/Frameworks @loader_path/Frameworks";
				PRODUCT_BUNDLE_IDENTIFIER = "Wiko-Dev.Hide-ItTests";
				PRODUCT_NAME = "$(TARGET_NAME)";
				TEST_HOST = "$(BUILT_PRODUCTS_DIR)/Hide It.app/Hide It";
			};
			name = Release;
		};
		EC551C911F4CE3B700649A07 /* Debug */ = {
			isa = XCBuildConfiguration;
			buildSettings = {
				INFOPLIST_FILE = "Hide ItUITests/Info.plist";
				LD_RUNPATH_SEARCH_PATHS = "$(inherited) @executable_path/Frameworks @loader_path/Frameworks";
				PRODUCT_BUNDLE_IDENTIFIER = "Wiko-Dev.Hide-ItUITests";
				PRODUCT_NAME = "$(TARGET_NAME)";
				TEST_TARGET_NAME = "Hide It";
			};
			name = Debug;
		};
		EC551C921F4CE3B700649A07 /* Release */ = {
			isa = XCBuildConfiguration;
			buildSettings = {
				INFOPLIST_FILE = "Hide ItUITests/Info.plist";
				LD_RUNPATH_SEARCH_PATHS = "$(inherited) @executable_path/Frameworks @loader_path/Frameworks";
				PRODUCT_BUNDLE_IDENTIFIER = "Wiko-Dev.Hide-ItUITests";
				PRODUCT_NAME = "$(TARGET_NAME)";
				TEST_TARGET_NAME = "Hide It";
			};
			name = Release;
		};
/* End XCBuildConfiguration section */

/* Begin XCConfigurationList section */
		EC551C5A1F4CE3B700649A07 /* Build configuration list for PBXProject "Hide It" */ = {
			isa = XCConfigurationList;
			buildConfigurations = (
				EC551C881F4CE3B700649A07 /* Debug */,
				EC551C891F4CE3B700649A07 /* Release */,
			);
			defaultConfigurationIsVisible = 0;
			defaultConfigurationName = Release;
		};
		EC551C8A1F4CE3B700649A07 /* Build configuration list for PBXNativeTarget "Hide It" */ = {
			isa = XCConfigurationList;
			buildConfigurations = (
				EC551C8B1F4CE3B700649A07 /* Debug */,
				EC551C8C1F4CE3B700649A07 /* Release */,
			);
			defaultConfigurationIsVisible = 0;
			defaultConfigurationName = Release;
		};
		EC551C8D1F4CE3B700649A07 /* Build configuration list for PBXNativeTarget "Hide ItTests" */ = {
			isa = XCConfigurationList;
			buildConfigurations = (
				EC551C8E1F4CE3B700649A07 /* Debug */,
				EC551C8F1F4CE3B700649A07 /* Release */,
			);
			defaultConfigurationIsVisible = 0;
			defaultConfigurationName = Release;
		};
		EC551C901F4CE3B700649A07 /* Build configuration list for PBXNativeTarget "Hide ItUITests" */ = {
			isa = XCConfigurationList;
			buildConfigurations = (
				EC551C911F4CE3B700649A07 /* Debug */,
				EC551C921F4CE3B700649A07 /* Release */,
			);
			defaultConfigurationIsVisible = 0;
			defaultConfigurationName = Release;
		};
/* End XCConfigurationList section */

/* Begin XCVersionGroup section */
		EC551C691F4CE3B700649A07 /* Hide_It.xcdatamodeld */ = {
			isa = XCVersionGroup;
			children = (
				EC551C6A1F4CE3B700649A07 /* Hide_It.xcdatamodel */,
			);
			currentVersion = EC551C6A1F4CE3B700649A07 /* Hide_It.xcdatamodel */;
			path = Hide_It.xcdatamodeld;
			sourceTree = "<group>";
			versionGroupType = wrapper.xcdatamodel;
		};
/* End XCVersionGroup section */
	};
	rootObject = EC551C571F4CE3B700649A07 /* Project object */;
}
